
Microsoft Visual Studio Solution File, Format Version 12.00
# Visual Studio Version 17
VisualStudioVersion = 17.0.31903.59
MinimumVisualStudioVersion = 10.0.40219.1
Project("{FAE04EC0-301F-11D3-BF4B-00C04F79EFBC}") = "AdventOfCode2021", "AdventOfCode2021\AdventOfCode2021.csproj", "{56A1543E-4080-4FCE-91B6-1F329F594278}"
EndProject
Global
	GlobalSection(SolutionConfigurationPlatforms) = preSolution
		Debug|Any CPU = Debug|Any CPU
		Release|Any CPU = Release|Any CPU
	EndGlobalSection
	GlobalSection(ProjectConfigurationPlatforms) = postSolution
		{56A1543E-4080-4FCE-91B6-1F329F594278}.Debug|Any CPU.ActiveCfg = Debug|Any CPU
		{56A1543E-4080-4FCE-91B6-1F329F594278}.Debug|Any CPU.Build.0 = Debug|Any CPU
		{56A1543E-4080-4FCE-91B6-1F329F594278}.Release|Any CPU.ActiveCfg = Release|Any CPU
		{56A1543E-4080-4FCE-91B6-1F329F594278}.Release|Any CPU.Build.0 = Release|Any CPU
	EndGlobalSection
	GlobalSection(SolutionProperties) = preSolution
		HideSolutionNode = FALSE
	EndGlobalSection
	GlobalSection(ExtensibilityGlobals) = postSolution
		SolutionGuid = {C7CCFA37-DB95-4C17-8A4E-6137526450FA}
	EndGlobalSection
EndGlobal
